// !$*UTF8*$!
{
	archiveVersion = 1;
	classes = {
	};
	objectVersion = 50;
	objects = {

/* Begin PBXBuildFile section */
		C0238AFB23CA50E800EB0769 /* SceneDelegate.swift in Sources */ = {isa = PBXBuildFile; fileRef = C0238AFA23CA50E800EB0769 /* SceneDelegate.swift */; };
		C0238AFD23CA50E800EB0769 /* TodoController.swift in Sources */ = {isa = PBXBuildFile; fileRef = C0238AFC23CA50E800EB0769 /* TodoController.swift */; };
		C0238B0023CA50E800EB0769 /* Main.storyboard in Resources */ = {isa = PBXBuildFile; fileRef = C0238AFE23CA50E800EB0769 /* Main.storyboard */; };
		C0238B0223CA50EB00EB0769 /* Assets.xcassets in Resources */ = {isa = PBXBuildFile; fileRef = C0238B0123CA50EB00EB0769 /* Assets.xcassets */; };
		C0238B0523CA50EB00EB0769 /* LaunchScreen.storyboard in Resources */ = {isa = PBXBuildFile; fileRef = C0238B0323CA50EB00EB0769 /* LaunchScreen.storyboard */; };
		C0665C9323CEB01200F17420 /* AppDelegate.swift in Sources */ = {isa = PBXBuildFile; fileRef = C0238AF823CA50E800EB0769 /* AppDelegate.swift */; };
		C0FF772223DC937F009C3CCC /* DataMl.xcdatamodeld in Sources */ = {isa = PBXBuildFile; fileRef = C0FF772023DC937F009C3CCC /* DataMl.xcdatamodeld */; };
/* End PBXBuildFile section */

/* Begin PBXFileReference section */
		C0238AF523CA50E800EB0769 /* toDo.app */ = {isa = PBXFileReference; explicitFileType = wrapper.application; includeInIndex = 0; path = toDo.app; sourceTree = BUILT_PRODUCTS_DIR; };
		C0238AF823CA50E800EB0769 /* AppDelegate.swift */ = {isa = PBXFileReference; lastKnownFileType = sourcecode.swift; path = AppDelegate.swift; sourceTree = "<group>"; };
		C0238AFA23CA50E800EB0769 /* SceneDelegate.swift */ = {isa = PBXFileReference; lastKnownFileType = sourcecode.swift; path = SceneDelegate.swift; sourceTree = "<group>"; };
		C0238AFC23CA50E800EB0769 /* TodoController.swift */ = {isa = PBXFileReference; lastKnownFileType = sourcecode.swift; path = TodoController.swift; sourceTree = "<group>"; };
		C0238AFF23CA50E800EB0769 /* Base */ = {isa = PBXFileReference; lastKnownFileType = file.storyboard; name = Base; path = Base.lproj/Main.storyboard; sourceTree = "<group>"; };
		C0238B0123CA50EB00EB0769 /* Assets.xcassets */ = {isa = PBXFileReference; lastKnownFileType = folder.assetcatalog; path = Assets.xcassets; sourceTree = "<group>"; };
		C0238B0423CA50EB00EB0769 /* Base */ = {isa = PBXFileReference; lastKnownFileType = file.storyboard; name = Base; path = Base.lproj/LaunchScreen.storyboard; sourceTree = "<group>"; };
		C0238B0623CA50EB00EB0769 /* Info.plist */ = {isa = PBXFileReference; lastKnownFileType = text.plist.xml; path = Info.plist; sourceTree = "<group>"; };
		C0FF772123DC937F009C3CCC /* DataMl.xcdatamodel */ = {isa = PBXFileReference; lastKnownFileType = wrapper.xcdatamodel; path = DataMl.xcdatamodel; sourceTree = "<group>"; };
/* End PBXFileReference section */

/* Begin PBXFrameworksBuildPhase section */
		C0238AF223CA50E800EB0769 /* Frameworks */ = {
			isa = PBXFrameworksBuildPhase;
			buildActionMask = 2147483647;
			files = (
			);
			runOnlyForDeploymentPostprocessing = 0;
		};
/* End PBXFrameworksBuildPhase section */

/* Begin PBXGroup section */
		C0238AEC23CA50E800EB0769 = {
			isa = PBXGroup;
			children = (
				C0238AF723CA50E800EB0769 /* toDo */,
				C0238AF623CA50E800EB0769 /* Products */,
			);
			sourceTree = "<group>";
		};
		C0238AF623CA50E800EB0769 /* Products */ = {
			isa = PBXGroup;
			children = (
				C0238AF523CA50E800EB0769 /* toDo.app */,
			);
			name = Products;
			sourceTree = "<group>";
		};
		C0238AF723CA50E800EB0769 /* toDo */ = {
			isa = PBXGroup;
			children = (
				C0238AF823CA50E800EB0769 /* AppDelegate.swift */,
				C0238AFA23CA50E800EB0769 /* SceneDelegate.swift */,
				C0665C9223CEAB8800F17420 /* Model */,
				C0665C8E23CEAB2F00F17420 /* View */,
				C0665C8F23CEAB3A00F17420 /* Controller */,
				C0238B0123CA50EB00EB0769 /* Assets.xcassets */,
				C0238B0323CA50EB00EB0769 /* LaunchScreen.storyboard */,
				C0238B0623CA50EB00EB0769 /* Info.plist */,
			);
			path = toDo;
			sourceTree = "<group>";
		};
		C0665C8E23CEAB2F00F17420 /* View */ = {
			isa = PBXGroup;
			children = (
				C0238AFE23CA50E800EB0769 /* Main.storyboard */,
			);
			path = View;
			sourceTree = "<group>";
		};
		C0665C8F23CEAB3A00F17420 /* Controller */ = {
			isa = PBXGroup;
			children = (
				C0238AFC23CA50E800EB0769 /* TodoController.swift */,
			);
			path = Controller;
			sourceTree = "<group>";
		};
		C0665C9223CEAB8800F17420 /* Model */ = {
			isa = PBXGroup;
			children = (
				C0FF772023DC937F009C3CCC /* DataMl.xcdatamodeld */,
			);
			path = Model;
			sourceTree = "<group>";
		};
/* End PBXGroup section */

/* Begin PBXNativeTarget section */
		C0238AF423CA50E800EB0769 /* toDo */ = {
			isa = PBXNativeTarget;
			buildConfigurationList = C0238B0923CA50EB00EB0769 /* Build configuration list for PBXNativeTarget "toDo" */;
			buildPhases = (
				C0238AF123CA50E800EB0769 /* Sources */,
				C0238AF223CA50E800EB0769 /* Frameworks */,
				C0238AF323CA50E800EB0769 /* Resources */,
			);
			buildRules = (
			);
			dependencies = (
			);
			name = toDo;
			productName = toDo;
			productReference = C0238AF523CA50E800EB0769 /* toDo.app */;
			productType = "com.apple.product-type.application";
		};
/* End PBXNativeTarget section */

/* Begin PBXProject section */
		C0238AED23CA50E800EB0769 /* Project object */ = {
			isa = PBXProject;
			attributes = {
				LastSwiftUpdateCheck = 1120;
				LastUpgradeCheck = 1120;
				ORGANIZATIONNAME = "Abdul Diallo";
				TargetAttributes = {
					C0238AF423CA50E800EB0769 = {
						CreatedOnToolsVersion = 11.2.1;
					};
				};
			};
			buildConfigurationList = C0238AF023CA50E800EB0769 /* Build configuration list for PBXProject "toDo" */;
			compatibilityVersion = "Xcode 9.3";
			developmentRegion = en;
			hasScannedForEncodings = 0;
			knownRegions = (
				en,
				Base,
			);
			mainGroup = C0238AEC23CA50E800EB0769;
			productRefGroup = C0238AF623CA50E800EB0769 /* Products */;
			projectDirPath = "";
			projectRoot = "";
			targets = (
				C0238AF423CA50E800EB0769 /* toDo */,
			);
		};
/* End PBXProject section */

/* Begin PBXResourcesBuildPhase section */
		C0238AF323CA50E800EB0769 /* Resources */ = {
			isa = PBXResourcesBuildPhase;
			buildActionMask = 2147483647;
			files = (
				C0238B0523CA50EB00EB0769 /* LaunchScreen.storyboard in Resources */,
				C0238B0223CA50EB00EB0769 /* Assets.xcassets in Resources */,
				C0238B0023CA50E800EB0769 /* Main.storyboard in Resources */,
			);
			runOnlyForDeploymentPostprocessing = 0;
		};
/* End PBXResourcesBuildPhase section */

/* Begin PBXSourcesBuildPhase section */
		C0238AF123CA50E800EB0769 /* Sources */ = {
			isa = PBXSourcesBuildPhase;
			buildActionMask = 2147483647;
			files = (
				C0FF772223DC937F009C3CCC /* DataMl.xcdatamodeld in Sources */,
				C0665C9323CEB01200F17420 /* AppDelegate.swift in Sources */,
				C0238AFD23CA50E800EB0769 /* TodoController.swift in Sources */,
				C0238AFB23CA50E800EB0769 /* SceneDelegate.swift in Sources */,
			);
			runOnlyForDeploymentPostprocessing = 0;
		};
/* End PBXSourcesBuildPhase section */

/* Begin PBXVariantGroup section */
		C0238AFE23CA50E800EB0769 /* Main.storyboard */ = {
			isa = PBXVariantGroup;
			children = (
				C0238AFF23CA50E800EB0769 /* Base */,
			);
			name = Main.storyboard;
			sourceTree = "<group>";
		};
		C0238B0323CA50EB00EB0769 /* LaunchScreen.storyboard */ = {
			isa = PBXVariantGroup;
			children = (
				C0238B0423CA50EB00EB0769 /* Base */,
			);
			name = LaunchScreen.storyboard;
			sourceTree = "<group>";
		};
/* End PBXVariantGroup section */

/* Begin XCBuildConfiguration section */
		C0238B0723CA50EB00EB0769 /* Debug */ = {
			isa = XCBuildConfiguration;
			buildSettings = {
				ALWAYS_SEARCH_USER_PATHS = NO;
				CLANG_ANALYZER_NONNULL = YES;
				CLANG_ANALYZER_NUMBER_OBJECT_CONVERSION = YES_AGGRESSIVE;
				CLANG_CXX_LANGUAGE_STANDARD = "gnu++14";
				CLANG_CXX_LIBRARY = "libc++";
				CLANG_ENABLE_MODULES = YES;
				CLANG_ENABLE_OBJC_ARC = YES;
				CLANG_ENABLE_OBJC_WEAK = YES;
				CLANG_WARN_BLOCK_CAPTURE_AUTORELEASING = YES;
				CLANG_WARN_BOOL_CONVERSION = YES;
				CLANG_WARN_COMMA = YES;
				CLANG_WARN_CONSTANT_CONVERSION = YES;
				CLANG_WARN_DEPRECATED_OBJC_IMPLEMENTATIONS = YES;
				CLANG_WARN_DIRECT_OBJC_ISA_USAGE = YES_ERROR;
				CLANG_WARN_DOCUMENTATION_COMMENTS = YES;
				CLANG_WARN_EMPTY_BODY = YES;
				CLANG_WARN_ENUM_CONVERSION = YES;
				CLANG_WARN_INFINITE_RECURSION = YES;
				CLANG_WARN_INT_CONVERSION = YES;
				CLANG_WARN_NON_LITERAL_NULL_CONVERSION = YES;
				CLANG_WARN_OBJC_IMPLICIT_RETAIN_SELF = YES;
				CLANG_WARN_OBJC_LITERAL_CONVERSION = YES;
				CLANG_WARN_OBJC_ROOT_CLASS = YES_ERROR;
				CLANG_WARN_RANGE_LOOP_ANALYSIS = YES;
				CLANG_WARN_STRICT_PROTOTYPES = YES;
				CLANG_WARN_SUSPICIOUS_MOVE = YES;
				CLANG_WARN_UNGUARDED_AVAILABILITY = YES_AGGRESSIVE;
				CLANG_WARN_UNREACHABLE_CODE = YES;
				CLANG_WARN__DUPLICATE_METHOD_MATCH = YES;
				COPY_PHASE_STRIP = NO;
				DEBUG_INFORMATION_FORMAT = dwarf;
				ENABLE_STRICT_OBJC_MSGSEND = YES;
				ENABLE_TESTABILITY = YES;
				GCC_C_LANGUAGE_STANDARD = gnu11;
				GCC_DYNAMIC_NO_PIC = NO;
				GCC_NO_COMMON_BLOCKS = YES;
				GCC_OPTIMIZATION_LEVEL = 0;
				GCC_PREPROCESSOR_DEFINITIONS = (
					"DEBUG=1",
					"$(inherited)",
				);
				GCC_WARN_64_TO_32_BIT_CONVERSION = YES;
				GCC_WARN_ABOUT_RETURN_TYPE = YES_ERROR;
				GCC_WARN_UNDECLARED_SELECTOR = YES;
				GCC_WARN_UNINITIALIZED_AUTOS = YES_AGGRESSIVE;
				GCC_WARN_UNUSED_FUNCTION = YES;
				GCC_WARN_UNUSED_VARIABLE = YES;
				IPHONEOS_DEPLOYMENT_TARGET = 13.2;
				MTL_ENABLE_DEBUG_INFO = INCLUDE_SOURCE;
				MTL_FAST_MATH = YES;
				ONLY_ACTIVE_ARCH = YES;
				SDKROOT = iphoneos;
				SWIFT_ACTIVE_COMPILATION_CONDITIONS = DEBUG;
				SWIFT_OPTIMIZATION_LEVEL = "-Onone";
			};
			name = Debug;
		};
		C0238B0823CA50EB00EB0769 /* Release */ = {
			isa = XCBuildConfiguration;
			buildSettings = {
				ALWAYS_SEARCH_USER_PATHS = NO;
				CLANG_ANALYZER_NONNULL = YES;
				CLANG_ANALYZER_NUMBER_OBJECT_CONVERSION = YES_AGGRESSIVE;
				CLANG_CXX_LANGUAGE_STANDARD = "gnu++14";
				CLANG_CXX_LIBRARY = "libc++";
				CLANG_ENABLE_MODULES = YES;
				CLANG_ENABLE_OBJC_ARC = YES;
				CLANG_ENABLE_OBJC_WEAK = YES;
				CLANG_WARN_BLOCK_CAPTURE_AUTORELEASING = YES;
				CLANG_WARN_BOOL_CONVERSION = YES;
				CLANG_WARN_COMMA = YES;
				CLANG_WARN_CONSTANT_CONVERSION = YES;
				CLANG_WARN_DEPRECATED_OBJC_IMPLEMENTATIONS = YES;
				CLANG_WARN_DIRECT_OBJC_ISA_USAGE = YES_ERROR;
				CLANG_WARN_DOCUMENTATION_COMMENTS = YES;
				CLANG_WARN_EMPTY_BODY = YES;
				CLANG_WARN_ENUM_CONVERSION = YES;
				CLANG_WARN_INFINITE_RECURSION = YES;
				CLANG_WARN_INT_CONVERSION = YES;
				CLANG_WARN_NON_LITERAL_NULL_CONVERSION = YES;
				CLANG_WARN_OBJC_IMPLICIT_RETAIN_SELF = YES;
				CLANG_WARN_OBJC_LITERAL_CONVERSION = YES;
				CLANG_WARN_OBJC_ROOT_CLASS = YES_ERROR;
				CLANG_WARN_RANGE_LOOP_ANALYSIS = YES;
				CLANG_WARN_STRICT_PROTOTYPES = YES;
				CLANG_WARN_SUSPICIOUS_MOVE = YES;
				CLANG_WARN_UNGUARDED_AVAILABILITY = YES_AGGRESSIVE;
				CLANG_WARN_UNREACHABLE_CODE = YES;
				CLANG_WARN__DUPLICATE_METHOD_MATCH = YES;
				COPY_PHASE_STRIP = NO;
				DEBUG_INFORMATION_FORMAT = "dwarf-with-dsym";
				ENABLE_NS_ASSERTIONS = NO;
				ENABLE_STRICT_OBJC_MSGSEND = YES;
				GCC_C_LANGUAGE_STANDARD = gnu11;
				GCC_NO_COMMON_BLOCKS = YES;
				GCC_WARN_64_TO_32_BIT_CONVERSION = YES;
				GCC_WARN_ABOUT_RETURN_TYPE = YES_ERROR;
				GCC_WARN_UNDECLARED_SELECTOR = YES;
				GCC_WARN_UNINITIALIZED_AUTOS = YES_AGGRESSIVE;
				GCC_WARN_UNUSED_FUNCTION = YES;
				GCC_WARN_UNUSED_VARIABLE = YES;
				IPHONEOS_DEPLOYMENT_TARGET = 13.2;
				MTL_ENABLE_DEBUG_INFO = NO;
				MTL_FAST_MATH = YES;
				SDKROOT = iphoneos;
				SWIFT_COMPILATION_MODE = wholemodule;
				SWIFT_OPTIMIZATION_LEVEL = "-O";
				VALIDATE_PRODUCT = YES;
			};
			name = Release;
		};
		C0238B0A23CA50EB00EB0769 /* Debug */ = {
			isa = XCBuildConfiguration;
			buildSettings = {
				ASSETCATALOG_COMPILER_APPICON_NAME = AppIcon;
				CODE_SIGN_STYLE = Automatic;
				DEVELOPMENT_TEAM = ZNY957A2G6;
				INFOPLIST_FILE = toDo/Info.plist;
				LD_RUNPATH_SEARCH_PATHS = (
					"$(inherited)",
					"@executable_path/Frameworks",
				);
				PRODUCT_BUNDLE_IDENTIFIER = abdulCo.toDo;
				PRODUCT_NAME = "$(TARGET_NAME)";
				SWIFT_VERSION = 5.0;
				TARGETED_DEVICE_FAMILY = "1,2";
			};
			name = Debug;
		};
		C0238B0B23CA50EB00EB0769 /* Release */ = {
			isa = XCBuildConfiguration;
			buildSettings = {
				ASSETCATALOG_COMPILER_APPICON_NAME = AppIcon;
				CODE_SIGN_STYLE = Automatic;
				DEVELOPMENT_TEAM = ZNY957A2G6;
				INFOPLIST_FILE = toDo/Info.plist;
				LD_RUNPATH_SEARCH_PATHS = (
					"$(inherited)",
					"@executable_path/Frameworks",
				);
				PRODUCT_BUNDLE_IDENTIFIER = abdulCo.toDo;
				PRODUCT_NAME = "$(TARGET_NAME)";
				SWIFT_VERSION = 5.0;
				TARGETED_DEVICE_FAMILY = "1,2";
			};
			name = Release;
		};
/* End XCBuildConfiguration section */

/* Begin XCConfigurationList section */
		C0238AF023CA50E800EB0769 /* Build configuration list for PBXProject "toDo" */ = {
			isa = XCConfigurationList;
			buildConfigurations = (
				C0238B0723CA50EB00EB0769 /* Debug */,
				C0238B0823CA50EB00EB0769 /* Release */,
			);
			defaultConfigurationIsVisible = 0;
			defaultConfigurationName = Release;
		};
		C0238B0923CA50EB00EB0769 /* Build configuration list for PBXNativeTarget "toDo" */ = {
			isa = XCConfigurationList;
			buildConfigurations = (
				C0238B0A23CA50EB00EB0769 /* Debug */,
				C0238B0B23CA50EB00EB0769 /* Release */,
			);
			defaultConfigurationIsVisible = 0;
			defaultConfigurationName = Release;
		};
/* End XCConfigurationList section */

/* Begin XCVersionGroup section */
		C0FF772023DC937F009C3CCC /* DataMl.xcdatamodeld */ = {
			isa = XCVersionGroup;
			children = (
				C0FF772123DC937F009C3CCC /* DataMl.xcdatamodel */,
			);
			currentVersion = C0FF772123DC937F009C3CCC /* DataMl.xcdatamodel */;
			path = DataMl.xcdatamodeld;
			sourceTree = "<group>";
			versionGroupType = wrapper.xcdatamodel;
		};
/* End XCVersionGroup section */
	};
	rootObject = C0238AED23CA50E800EB0769 /* Project object */;
}
